// !$*UTF8*$!
{
	archiveVersion = 1;
	classes = {
	};
	objectVersion = 50;
	objects = {

/* Begin PBXBuildFile section */
		9DE4907594E8EC7DC88FA43A /* Pods_Tombola.framework in Frameworks */ = {isa = PBXBuildFile; fileRef = 9524BF9AFE989E0C4D179C8D /* Pods_Tombola.framework */; };
		D321BA5B224FA29F00ABE049 /* AppDelegate.swift in Sources */ = {isa = PBXBuildFile; fileRef = D321BA5A224FA29F00ABE049 /* AppDelegate.swift */; };
		D321BA5D224FA29F00ABE049 /* ViewController.swift in Sources */ = {isa = PBXBuildFile; fileRef = D321BA5C224FA29F00ABE049 /* ViewController.swift */; };
		D321BA5F224FA2A100ABE049 /* Assets.xcassets in Resources */ = {isa = PBXBuildFile; fileRef = D321BA5E224FA2A100ABE049 /* Assets.xcassets */; };
		D321BA62224FA2A100ABE049 /* Main.storyboard in Resources */ = {isa = PBXBuildFile; fileRef = D321BA60224FA2A100ABE049 /* Main.storyboard */; };
		D3573C0A224FAA4B00D64B16 /* Tombola_Core.framework in Frameworks */ = {isa = PBXBuildFile; fileRef = D3573C09224FAA4B00D64B16 /* Tombola_Core.framework */; };
/* End PBXBuildFile section */

/* Begin PBXFileReference section */
		68E1F899B52850EBE3E0879E /* Pods-Tombola.release.xcconfig */ = {isa = PBXFileReference; includeInIndex = 1; lastKnownFileType = text.xcconfig; name = "Pods-Tombola.release.xcconfig"; path = "Pods/Target Support Files/Pods-Tombola/Pods-Tombola.release.xcconfig"; sourceTree = "<group>"; };
		6AF1F169427737E600E54BCF /* Pods-Tombola.debug.xcconfig */ = {isa = PBXFileReference; includeInIndex = 1; lastKnownFileType = text.xcconfig; name = "Pods-Tombola.debug.xcconfig"; path = "Pods/Target Support Files/Pods-Tombola/Pods-Tombola.debug.xcconfig"; sourceTree = "<group>"; };
		9524BF9AFE989E0C4D179C8D /* Pods_Tombola.framework */ = {isa = PBXFileReference; explicitFileType = wrapper.framework; includeInIndex = 0; path = Pods_Tombola.framework; sourceTree = BUILT_PRODUCTS_DIR; };
		D321BA57224FA29F00ABE049 /* Tombola.app */ = {isa = PBXFileReference; explicitFileType = wrapper.application; includeInIndex = 0; path = Tombola.app; sourceTree = BUILT_PRODUCTS_DIR; };
		D321BA5A224FA29F00ABE049 /* AppDelegate.swift */ = {isa = PBXFileReference; lastKnownFileType = sourcecode.swift; path = AppDelegate.swift; sourceTree = "<group>"; };
		D321BA5C224FA29F00ABE049 /* ViewController.swift */ = {isa = PBXFileReference; lastKnownFileType = sourcecode.swift; path = ViewController.swift; sourceTree = "<group>"; };
		D321BA5E224FA2A100ABE049 /* Assets.xcassets */ = {isa = PBXFileReference; lastKnownFileType = folder.assetcatalog; path = Assets.xcassets; sourceTree = "<group>"; };
		D321BA61224FA2A100ABE049 /* Base */ = {isa = PBXFileReference; lastKnownFileType = file.storyboard; name = Base; path = Base.lproj/Main.storyboard; sourceTree = "<group>"; };
		D321BA63224FA2A100ABE049 /* Info.plist */ = {isa = PBXFileReference; lastKnownFileType = text.plist.xml; path = Info.plist; sourceTree = "<group>"; };
		D321BA64224FA2A100ABE049 /* Tombola.entitlements */ = {isa = PBXFileReference; lastKnownFileType = text.plist.entitlements; path = Tombola.entitlements; sourceTree = "<group>"; };
		D3573C09224FAA4B00D64B16 /* Tombola_Core.framework */ = {isa = PBXFileReference; explicitFileType = wrapper.framework; path = Tombola_Core.framework; sourceTree = BUILT_PRODUCTS_DIR; };
		D3573C2A224FB8FD00D64B16 /* Test.playground */ = {isa = PBXFileReference; lastKnownFileType = file.playground; path = Test.playground; sourceTree = "<group>"; xcLanguageSpecificationIdentifier = xcode.lang.swift; };
/* End PBXFileReference section */

/* Begin PBXFrameworksBuildPhase section */
		D321BA54224FA29F00ABE049 /* Frameworks */ = {
			isa = PBXFrameworksBuildPhase;
			buildActionMask = 2147483647;
			files = (
				D3573C0A224FAA4B00D64B16 /* Tombola_Core.framework in Frameworks */,
				9DE4907594E8EC7DC88FA43A /* Pods_Tombola.framework in Frameworks */,
			);
			runOnlyForDeploymentPostprocessing = 0;
		};
/* End PBXFrameworksBuildPhase section */

/* Begin PBXGroup section */
		7C65A101FAAC794830298518 /* Frameworks */ = {
			isa = PBXGroup;
			children = (
				D3573C09224FAA4B00D64B16 /* Tombola_Core.framework */,
				9524BF9AFE989E0C4D179C8D /* Pods_Tombola.framework */,
			);
			name = Frameworks;
			sourceTree = "<group>";
		};
		C44F0F45259C961EEC3C4D06 /* Pods */ = {
			isa = PBXGroup;
			children = (
				6AF1F169427737E600E54BCF /* Pods-Tombola.debug.xcconfig */,
				68E1F899B52850EBE3E0879E /* Pods-Tombola.release.xcconfig */,
			);
			name = Pods;
			sourceTree = "<group>";
		};
		D321BA4E224FA29E00ABE049 = {
			isa = PBXGroup;
			children = (
				D321BA59224FA29F00ABE049 /* Tombola */,
				D321BA58224FA29F00ABE049 /* Products */,
				C44F0F45259C961EEC3C4D06 /* Pods */,
				7C65A101FAAC794830298518 /* Frameworks */,
			);
			sourceTree = "<group>";
		};
		D321BA58224FA29F00ABE049 /* Products */ = {
			isa = PBXGroup;
			children = (
				D321BA57224FA29F00ABE049 /* Tombola.app */,
			);
			name = Products;
			sourceTree = "<group>";
		};
		D321BA59224FA29F00ABE049 /* Tombola */ = {
			isa = PBXGroup;
			children = (
				D321BA5A224FA29F00ABE049 /* AppDelegate.swift */,
				D321BA5C224FA29F00ABE049 /* ViewController.swift */,
				D3573C2A224FB8FD00D64B16 /* Test.playground */,
				D321BA5E224FA2A100ABE049 /* Assets.xcassets */,
				D321BA60224FA2A100ABE049 /* Main.storyboard */,
				D321BA63224FA2A100ABE049 /* Info.plist */,
				D321BA64224FA2A100ABE049 /* Tombola.entitlements */,
			);
			path = Tombola;
			sourceTree = "<group>";
		};
/* End PBXGroup section */

/* Begin PBXNativeTarget section */
		D321BA56224FA29F00ABE049 /* Tombola */ = {
			isa = PBXNativeTarget;
			buildConfigurationList = D321BA67224FA2A100ABE049 /* Build configuration list for PBXNativeTarget "Tombola" */;
			buildPhases = (
				85D109E7055A3EFC5AA81BA2 /* [CP] Check Pods Manifest.lock */,
				D321BA53224FA29F00ABE049 /* Sources */,
				D321BA54224FA29F00ABE049 /* Frameworks */,
				D321BA55224FA29F00ABE049 /* Resources */,
				FB1F4EEF4CABB04AD6B71818 /* [CP] Embed Pods Frameworks */,
			);
			buildRules = (
			);
			dependencies = (
			);
			name = Tombola;
			productName = Tombola;
			productReference = D321BA57224FA29F00ABE049 /* Tombola.app */;
			productType = "com.apple.product-type.application";
		};
/* End PBXNativeTarget section */

/* Begin PBXProject section */
		D321BA4F224FA29E00ABE049 /* Project object */ = {
			isa = PBXProject;
			attributes = {
				LastSwiftUpdateCheck = 1010;
				LastUpgradeCheck = 1010;
				ORGANIZATIONNAME = Eviathan;
				TargetAttributes = {
					D321BA56224FA29F00ABE049 = {
						CreatedOnToolsVersion = 10.1;
					};
				};
			};
			buildConfigurationList = D321BA52224FA29E00ABE049 /* Build configuration list for PBXProject "Tombola" */;
			compatibilityVersion = "Xcode 9.3";
			developmentRegion = en;
			hasScannedForEncodings = 0;
			knownRegions = (
				en,
				Base,
			);
			mainGroup = D321BA4E224FA29E00ABE049;
			productRefGroup = D321BA58224FA29F00ABE049 /* Products */;
			projectDirPath = "";
			projectRoot = "";
			targets = (
				D321BA56224FA29F00ABE049 /* Tombola */,
			);
		};
/* End PBXProject section */

/* Begin PBXResourcesBuildPhase section */
		D321BA55224FA29F00ABE049 /* Resources */ = {
			isa = PBXResourcesBuildPhase;
			buildActionMask = 2147483647;
			files = (
				D321BA5F224FA2A100ABE049 /* Assets.xcassets in Resources */,
				D321BA62224FA2A100ABE049 /* Main.storyboard in Resources */,
			);
			runOnlyForDeploymentPostprocessing = 0;
		};
/* End PBXResourcesBuildPhase section */

/* Begin PBXShellScriptBuildPhase section */
		85D109E7055A3EFC5AA81BA2 /* [CP] Check Pods Manifest.lock */ = {
			isa = PBXShellScriptBuildPhase;
			buildActionMask = 2147483647;
			files = (
			);
			inputFileListPaths = (
			);
			inputPaths = (
				"${PODS_PODFILE_DIR_PATH}/Podfile.lock",
				"${PODS_ROOT}/Manifest.lock",
			);
			name = "[CP] Check Pods Manifest.lock";
			outputFileListPaths = (
			);
			outputPaths = (
				"$(DERIVED_FILE_DIR)/Pods-Tombola-checkManifestLockResult.txt",
			);
			runOnlyForDeploymentPostprocessing = 0;
			shellPath = /bin/sh;
			shellScript = "diff \"${PODS_PODFILE_DIR_PATH}/Podfile.lock\" \"${PODS_ROOT}/Manifest.lock\" > /dev/null\nif [ $? != 0 ] ; then\n    # print error to STDERR\n    echo \"error: The sandbox is not in sync with the Podfile.lock. Run 'pod install' or update your CocoaPods installation.\" >&2\n    exit 1\nfi\n# This output is used by Xcode 'outputs' to avoid re-running this script phase.\necho \"SUCCESS\" > \"${SCRIPT_OUTPUT_FILE_0}\"\n";
			showEnvVarsInLog = 0;
		};
		FB1F4EEF4CABB04AD6B71818 /* [CP] Embed Pods Frameworks */ = {
			isa = PBXShellScriptBuildPhase;
			buildActionMask = 2147483647;
			files = (
			);
			inputFileListPaths = (
			);
			inputPaths = (
				"${SRCROOT}/Pods/Target Support Files/Pods-Tombola/Pods-Tombola-frameworks.sh",
				"${BUILT_PRODUCTS_DIR}/Action/Action.framework",
				"${BUILT_PRODUCTS_DIR}/RxAtomic/RxAtomic.framework",
				"${BUILT_PRODUCTS_DIR}/RxCocoa/RxCocoa.framework",
				"${BUILT_PRODUCTS_DIR}/RxSwift/RxSwift.framework",
			);
			name = "[CP] Embed Pods Frameworks";
			outputFileListPaths = (
			);
			outputPaths = (
				"${TARGET_BUILD_DIR}/${FRAMEWORKS_FOLDER_PATH}/Action.framework",
				"${TARGET_BUILD_DIR}/${FRAMEWORKS_FOLDER_PATH}/RxAtomic.framework",
				"${TARGET_BUILD_DIR}/${FRAMEWORKS_FOLDER_PATH}/RxCocoa.framework",
				"${TARGET_BUILD_DIR}/${FRAMEWORKS_FOLDER_PATH}/RxSwift.framework",
			);
			runOnlyForDeploymentPostprocessing = 0;
			shellPath = /bin/sh;
			shellScript = "\"${SRCROOT}/Pods/Target Support Files/Pods-Tombola/Pods-Tombola-frameworks.sh\"\n";
			showEnvVarsInLog = 0;
		};
/* End PBXShellScriptBuildPhase section */

/* Begin PBXSourcesBuildPhase section */
		D321BA53224FA29F00ABE049 /* Sources */ = {
			isa = PBXSourcesBuildPhase;
			buildActionMask = 2147483647;
			files = (
				D321BA5D224FA29F00ABE049 /* ViewController.swift in Sources */,
				D321BA5B224FA29F00ABE049 /* AppDelegate.swift in Sources */,
			);
			runOnlyForDeploymentPostprocessing = 0;
		};
/* End PBXSourcesBuildPhase section */

/* Begin PBXVariantGroup section */
		D321BA60224FA2A100ABE049 /* Main.storyboard */ = {
			isa = PBXVariantGroup;
			children = (
				D321BA61224FA2A100ABE049 /* Base */,
			);
			name = Main.storyboard;
			sourceTree = "<group>";
		};
/* End PBXVariantGroup section */

/* Begin XCBuildConfiguration section */
		D321BA65224FA2A100ABE049 /* Debug */ = {
			isa = XCBuildConfiguration;
			buildSettings = {
				ALWAYS_SEARCH_USER_PATHS = NO;
				CLANG_ANALYZER_NONNULL = YES;
				CLANG_ANALYZER_NUMBER_OBJECT_CONVERSION = YES_AGGRESSIVE;
				CLANG_CXX_LANGUAGE_STANDARD = "gnu++14";
				CLANG_CXX_LIBRARY = "libc++";
				CLANG_ENABLE_MODULES = YES;
				CLANG_ENABLE_OBJC_ARC = YES;
				CLANG_ENABLE_OBJC_WEAK = YES;
				CLANG_WARN_BLOCK_CAPTURE_AUTORELEASING = YES;
				CLANG_WARN_BOOL_CONVERSION = YES;
				CLANG_WARN_COMMA = YES;
				CLANG_WARN_CONSTANT_CONVERSION = YES;
				CLANG_WARN_DEPRECATED_OBJC_IMPLEMENTATIONS = YES;
				CLANG_WARN_DIRECT_OBJC_ISA_USAGE = YES_ERROR;
				CLANG_WARN_DOCUMENTATION_COMMENTS = YES;
				CLANG_WARN_EMPTY_BODY = YES;
				CLANG_WARN_ENUM_CONVERSION = YES;
				CLANG_WARN_INFINITE_RECURSION = YES;
				CLANG_WARN_INT_CONVERSION = YES;
				CLANG_WARN_NON_LITERAL_NULL_CONVERSION = YES;
				CLANG_WARN_OBJC_IMPLICIT_RETAIN_SELF = YES;
				CLANG_WARN_OBJC_LITERAL_CONVERSION = YES;
				CLANG_WARN_OBJC_ROOT_CLASS = YES_ERROR;
				CLANG_WARN_RANGE_LOOP_ANALYSIS = YES;
				CLANG_WARN_STRICT_PROTOTYPES = YES;
				CLANG_WARN_SUSPICIOUS_MOVE = YES;
				CLANG_WARN_UNGUARDED_AVAILABILITY = YES_AGGRESSIVE;
				CLANG_WARN_UNREACHABLE_CODE = YES;
				CLANG_WARN__DUPLICATE_METHOD_MATCH = YES;
				CODE_SIGN_IDENTITY = "Mac Developer";
				COPY_PHASE_STRIP = NO;
				DEBUG_INFORMATION_FORMAT = dwarf;
				ENABLE_STRICT_OBJC_MSGSEND = YES;
				ENABLE_TESTABILITY = YES;
				GCC_C_LANGUAGE_STANDARD = gnu11;
				GCC_DYNAMIC_NO_PIC = NO;
				GCC_NO_COMMON_BLOCKS = YES;
				GCC_OPTIMIZATION_LEVEL = 0;
				GCC_PREPROCESSOR_DEFINITIONS = (
					"DEBUG=1",
					"$(inherited)",
				);
				GCC_WARN_64_TO_32_BIT_CONVERSION = YES;
				GCC_WARN_ABOUT_RETURN_TYPE = YES_ERROR;
				GCC_WARN_UNDECLARED_SELECTOR = YES;
				GCC_WARN_UNINITIALIZED_AUTOS = YES_AGGRESSIVE;
				GCC_WARN_UNUSED_FUNCTION = YES;
				GCC_WARN_UNUSED_VARIABLE = YES;
				MACOSX_DEPLOYMENT_TARGET = 10.14;
				MTL_ENABLE_DEBUG_INFO = INCLUDE_SOURCE;
				MTL_FAST_MATH = YES;
				ONLY_ACTIVE_ARCH = YES;
				SDKROOT = macosx;
				SWIFT_ACTIVE_COMPILATION_CONDITIONS = DEBUG;
				SWIFT_OPTIMIZATION_LEVEL = "-Onone";
			};
			name = Debug;
		};
		D321BA66224FA2A100ABE049 /* Release */ = {
			isa = XCBuildConfiguration;
			buildSettings = {
				ALWAYS_SEARCH_USER_PATHS = NO;
				CLANG_ANALYZER_NONNULL = YES;
				CLANG_ANALYZER_NUMBER_OBJECT_CONVERSION = YES_AGGRESSIVE;
				CLANG_CXX_LANGUAGE_STANDARD = "gnu++14";
				CLANG_CXX_LIBRARY = "libc++";
				CLANG_ENABLE_MODULES = YES;
				CLANG_ENABLE_OBJC_ARC = YES;
				CLANG_ENABLE_OBJC_WEAK = YES;
				CLANG_WARN_BLOCK_CAPTURE_AUTORELEASING = YES;
				CLANG_WARN_BOOL_CONVERSION = YES;
				CLANG_WARN_COMMA = YES;
				CLANG_WARN_CONSTANT_CONVERSION = YES;
				CLANG_WARN_DEPRECATED_OBJC_IMPLEMENTATIONS = YES;
				CLANG_WARN_DIRECT_OBJC_ISA_USAGE = YES_ERROR;
				CLANG_WARN_DOCUMENTATION_COMMENTS = YES;
				CLANG_WARN_EMPTY_BODY = YES;
				CLANG_WARN_ENUM_CONVERSION = YES;
				CLANG_WARN_INFINITE_RECURSION = YES;
				CLANG_WARN_INT_CONVERSION = YES;
				CLANG_WARN_NON_LITERAL_NULL_CONVERSION = YES;
				CLANG_WARN_OBJC_IMPLICIT_RETAIN_SELF = YES;
				CLANG_WARN_OBJC_LITERAL_CONVERSION = YES;
				CLANG_WARN_OBJC_ROOT_CLASS = YES_ERROR;
				CLANG_WARN_RANGE_LOOP_ANALYSIS = YES;
				CLANG_WARN_STRICT_PROTOTYPES = YES;
				CLANG_WARN_SUSPICIOUS_MOVE = YES;
				CLANG_WARN_UNGUARDED_AVAILABILITY = YES_AGGRESSIVE;
				CLANG_WARN_UNREACHABLE_CODE = YES;
				CLANG_WARN__DUPLICATE_METHOD_MATCH = YES;
				CODE_SIGN_IDENTITY = "Mac Developer";
				COPY_PHASE_STRIP = NO;
				DEBUG_INFORMATION_FORMAT = "dwarf-with-dsym";
				ENABLE_NS_ASSERTIONS = NO;
				ENABLE_STRICT_OBJC_MSGSEND = YES;
				GCC_C_LANGUAGE_STANDARD = gnu11;
				GCC_NO_COMMON_BLOCKS = YES;
				GCC_WARN_64_TO_32_BIT_CONVERSION = YES;
				GCC_WARN_ABOUT_RETURN_TYPE = YES_ERROR;
				GCC_WARN_UNDECLARED_SELECTOR = YES;
				GCC_WARN_UNINITIALIZED_AUTOS = YES_AGGRESSIVE;
				GCC_WARN_UNUSED_FUNCTION = YES;
				GCC_WARN_UNUSED_VARIABLE = YES;
				MACOSX_DEPLOYMENT_TARGET = 10.14;
				MTL_ENABLE_DEBUG_INFO = NO;
				MTL_FAST_MATH = YES;
				SDKROOT = macosx;
				SWIFT_COMPILATION_MODE = wholemodule;
				SWIFT_OPTIMIZATION_LEVEL = "-O";
			};
			name = Release;
		};
		D321BA68224FA2A100ABE049 /* Debug */ = {
			isa = XCBuildConfiguration;
			baseConfigurationReference = 6AF1F169427737E600E54BCF /* Pods-Tombola.debug.xcconfig */;
			buildSettings = {
				ASSETCATALOG_COMPILER_APPICON_NAME = AppIcon;
				CODE_SIGN_ENTITLEMENTS = Tombola/Tombola.entitlements;
				CODE_SIGN_IDENTITY = "Mac Developer";
				CODE_SIGN_STYLE = Automatic;
				COMBINE_HIDPI_IMAGES = YES;
				DEVELOPMENT_TEAM = H7GGWR5963;
				INFOPLIST_FILE = Tombola/Info.plist;
				LD_RUNPATH_SEARCH_PATHS = (
					"$(inherited)",
					"@executable_path/../Frameworks",
				);
				PRODUCT_BUNDLE_IDENTIFIER = com.eviathan.Tombola;
				PRODUCT_NAME = "$(TARGET_NAME)";
				PROVISIONING_PROFILE_SPECIFIER = "";
				SWIFT_VERSION = 4.2;
			};
			name = Debug;
		};
		D321BA69224FA2A100ABE049 /* Release */ = {
			isa = XCBuildConfiguration;
			baseConfigurationReference = 68E1F899B52850EBE3E0879E /* Pods-Tombola.release.xcconfig */;
			buildSettings = {
				ASSETCATALOG_COMPILER_APPICON_NAME = AppIcon;
				CODE_SIGN_ENTITLEMENTS = Tombola/Tombola.entitlements;
				CODE_SIGN_IDENTITY = "Mac Developer";
				CODE_SIGN_STYLE = Automatic;
				COMBINE_HIDPI_IMAGES = YES;
				DEVELOPMENT_TEAM = H7GGWR5963;
				INFOPLIST_FILE = Tombola/Info.plist;
				LD_RUNPATH_SEARCH_PATHS = (
					"$(inherited)",
					"@executable_path/../Frameworks",
				);
				PRODUCT_BUNDLE_IDENTIFIER = com.eviathan.Tombola;
				PRODUCT_NAME = "$(TARGET_NAME)";
				PROVISIONING_PROFILE_SPECIFIER = "";
				SWIFT_VERSION = 4.2;
			};
			name = Release;
		};
/* End XCBuildConfiguration section */

/* Begin XCConfigurationList section */
		D321BA52224FA29E00ABE049 /* Build configuration list for PBXProject "Tombola" */ = {
			isa = XCConfigurationList;
			buildConfigurations = (
				D321BA65224FA2A100ABE049 /* Debug */,
				D321BA66224FA2A100ABE049 /* Release */,
			);
			defaultConfigurationIsVisible = 0;
			defaultConfigurationName = Release;
		};
		D321BA67224FA2A100ABE049 /* Build configuration list for PBXNativeTarget "Tombola" */ = {
			isa = XCConfigurationList;
			buildConfigurations = (
				D321BA68224FA2A100ABE049 /* Debug */,
				D321BA69224FA2A100ABE049 /* Release */,
			);
			defaultConfigurationIsVisible = 0;
			defaultConfigurationName = Release;
		};
/* End XCConfigurationList section */
	};
	rootObject = D321BA4F224FA29E00ABE049 /* Project object */;
}
